
Microsoft Visual Studio Solution File, Format Version 12.00
# Visual Studio 2013
VisualStudioVersion = 12.0.21005.1
MinimumVisualStudioVersion = 10.0.40219.1
Project("{2150E333-8FDC-42A3-9474-1A3956D46DE8}") = "Solution Items", "Solution Items", "{BE262317-44B3-496E-9F14-1668FB1A3C1B}"
EndProject
Project("{8BC9CEB8-8B4A-11D0-8D11-00A0C91BC942}") = "ExchangeAPI", "ExchangeAPI\proj_win\ExchangeAPI.vcxproj", "{60AA734A-980A-4265-B9C6-FF8FAC397ABA}"
EndProject
Project("{8BC9CEB8-8B4A-11D0-8D11-00A0C91BC942}") = "OKExMartingale", "OKExMartingale\proj_win\OKExMartingale.vcxproj", "{B561ABD8-1B7D-4047-A259-4BA88BCCAF24}"
	ProjectSection(ProjectDependencies) = postProject
		{60AA734A-980A-4265-B9C6-FF8FAC397ABA} = {60AA734A-980A-4265-B9C6-FF8FAC397ABA}
	EndProjectSection
EndProject
Project("{8BC9CEB8-8B4A-11D0-8D11-00A0C91BC942}") = "ManualOKExSpot", "ManualOKExSpot\proj_win\ManualOKExSpot.vcxproj", "{301C015B-BC31-43A8-9CFA-A432819CBA6A}"
	ProjectSection(ProjectDependencies) = postProject
		{60AA734A-980A-4265-B9C6-FF8FAC397ABA} = {60AA734A-980A-4265-B9C6-FF8FAC397ABA}
	EndProjectSection
EndProject
Project("{8BC9CEB8-8B4A-11D0-8D11-00A0C91BC942}") = "InformationGathering", "InformationGathering\proj_win\InformationGathering.vcxproj", "{C6888D2A-E9C1-4027-8267-99853469F08F}"
	ProjectSection(ProjectDependencies) = postProject
		{60AA734A-980A-4265-B9C6-FF8FAC397ABA} = {60AA734A-980A-4265-B9C6-FF8FAC397ABA}
	EndProjectSection
EndProject
Project("{8BC9CEB8-8B4A-11D0-8D11-00A0C91BC942}") = "OKExFutures", "OKExFutures\proj_win\OKExFutures.vcxproj", "{22A8A095-3409-4BC8-AFFE-0266AD4141E0}"
EndProject
Project("{8BC9CEB8-8B4A-11D0-8D11-00A0C91BC942}") = "ManualOKExFutures", "ManualOKExFutures\proj_win\ManualOKExFutures.vcxproj", "{95281144-9E0F-435C-99D9-37D9F4AEE641}"
EndProject
Project("{8BC9CEB8-8B4A-11D0-8D11-00A0C91BC942}") = "CrossPlatformQT", "CrossPlatformQT\proj_win\CrossPlatformQT.vcxproj", "{F91A2367-4129-4816-8A01-0D1461CE3350}"
	ProjectSection(ProjectDependencies) = postProject
		{60AA734A-980A-4265-B9C6-FF8FAC397ABA} = {60AA734A-980A-4265-B9C6-FF8FAC397ABA}
	EndProjectSection
EndProject
Project("{8BC9CEB8-8B4A-11D0-8D11-00A0C91BC942}") = "SimpleProj", "SimpleProj\proj_win\SimpleProj.vcxproj", "{6676A31A-3386-4DA6-B1E7-7323E6318E85}"
	ProjectSection(ProjectDependencies) = postProject
		{60AA734A-980A-4265-B9C6-FF8FAC397ABA} = {60AA734A-980A-4265-B9C6-FF8FAC397ABA}
	EndProjectSection
EndProject
Global
	GlobalSection(SolutionConfigurationPlatforms) = preSolution
		Debug|Win32 = Debug|Win32
		HighDebug|Win32 = HighDebug|Win32
		Release|Win32 = Release|Win32
	EndGlobalSection
	GlobalSection(ProjectConfigurationPlatforms) = postSolution
		{60AA734A-980A-4265-B9C6-FF8FAC397ABA}.Debug|Win32.ActiveCfg = Debug|Win32
		{60AA734A-980A-4265-B9C6-FF8FAC397ABA}.Debug|Win32.Build.0 = Debug|Win32
		{60AA734A-980A-4265-B9C6-FF8FAC397ABA}.HighDebug|Win32.ActiveCfg = HighDebug|Win32
		{60AA734A-980A-4265-B9C6-FF8FAC397ABA}.HighDebug|Win32.Build.0 = HighDebug|Win32
		{60AA734A-980A-4265-B9C6-FF8FAC397ABA}.Release|Win32.ActiveCfg = Release|Win32
		{60AA734A-980A-4265-B9C6-FF8FAC397ABA}.Release|Win32.Build.0 = Release|Win32
		{B561ABD8-1B7D-4047-A259-4BA88BCCAF24}.Debug|Win32.ActiveCfg = Debug|Win32
		{B561ABD8-1B7D-4047-A259-4BA88BCCAF24}.Debug|Win32.Build.0 = Debug|Win32
		{B561ABD8-1B7D-4047-A259-4BA88BCCAF24}.HighDebug|Win32.ActiveCfg = Debug|Win32
		{B561ABD8-1B7D-4047-A259-4BA88BCCAF24}.HighDebug|Win32.Build.0 = Debug|Win32
		{B561ABD8-1B7D-4047-A259-4BA88BCCAF24}.Release|Win32.ActiveCfg = Release|Win32
		{B561ABD8-1B7D-4047-A259-4BA88BCCAF24}.Release|Win32.Build.0 = Release|Win32
		{301C015B-BC31-43A8-9CFA-A432819CBA6A}.Debug|Win32.ActiveCfg = Debug|Win32
		{301C015B-BC31-43A8-9CFA-A432819CBA6A}.Debug|Win32.Build.0 = Debug|Win32
		{301C015B-BC31-43A8-9CFA-A432819CBA6A}.HighDebug|Win32.ActiveCfg = Debug|Win32
		{301C015B-BC31-43A8-9CFA-A432819CBA6A}.HighDebug|Win32.Build.0 = Debug|Win32
		{301C015B-BC31-43A8-9CFA-A432819CBA6A}.Release|Win32.ActiveCfg = Release|Win32
		{301C015B-BC31-43A8-9CFA-A432819CBA6A}.Release|Win32.Build.0 = Release|Win32
		{C6888D2A-E9C1-4027-8267-99853469F08F}.Debug|Win32.ActiveCfg = Debug|Win32
		{C6888D2A-E9C1-4027-8267-99853469F08F}.Debug|Win32.Build.0 = Debug|Win32
		{C6888D2A-E9C1-4027-8267-99853469F08F}.HighDebug|Win32.ActiveCfg = Debug|Win32
		{C6888D2A-E9C1-4027-8267-99853469F08F}.HighDebug|Win32.Build.0 = Debug|Win32
		{C6888D2A-E9C1-4027-8267-99853469F08F}.Release|Win32.ActiveCfg = Release|Win32
		{C6888D2A-E9C1-4027-8267-99853469F08F}.Release|Win32.Build.0 = Release|Win32
		{22A8A095-3409-4BC8-AFFE-0266AD4141E0}.Debug|Win32.ActiveCfg = Debug|Win32
		{22A8A095-3409-4BC8-AFFE-0266AD4141E0}.Debug|Win32.Build.0 = Debug|Win32
		{22A8A095-3409-4BC8-AFFE-0266AD4141E0}.HighDebug|Win32.ActiveCfg = Debug|Win32
		{22A8A095-3409-4BC8-AFFE-0266AD4141E0}.HighDebug|Win32.Build.0 = Debug|Win32
		{22A8A095-3409-4BC8-AFFE-0266AD4141E0}.Release|Win32.ActiveCfg = Release|Win32
		{22A8A095-3409-4BC8-AFFE-0266AD4141E0}.Release|Win32.Build.0 = Release|Win32
		{95281144-9E0F-435C-99D9-37D9F4AEE641}.Debug|Win32.ActiveCfg = Debug|Win32
		{95281144-9E0F-435C-99D9-37D9F4AEE641}.Debug|Win32.Build.0 = Debug|Win32
		{95281144-9E0F-435C-99D9-37D9F4AEE641}.HighDebug|Win32.ActiveCfg = Debug|Win32
		{95281144-9E0F-435C-99D9-37D9F4AEE641}.HighDebug|Win32.Build.0 = Debug|Win32
		{95281144-9E0F-435C-99D9-37D9F4AEE641}.Release|Win32.ActiveCfg = Release|Win32
		{95281144-9E0F-435C-99D9-37D9F4AEE641}.Release|Win32.Build.0 = Release|Win32
		{F91A2367-4129-4816-8A01-0D1461CE3350}.Debug|Win32.ActiveCfg = Debug|Win32
		{F91A2367-4129-4816-8A01-0D1461CE3350}.Debug|Win32.Build.0 = Debug|Win32
		{F91A2367-4129-4816-8A01-0D1461CE3350}.HighDebug|Win32.ActiveCfg = Debug|Win32
		{F91A2367-4129-4816-8A01-0D1461CE3350}.HighDebug|Win32.Build.0 = Debug|Win32
		{F91A2367-4129-4816-8A01-0D1461CE3350}.Release|Win32.ActiveCfg = Release|Win32
		{F91A2367-4129-4816-8A01-0D1461CE3350}.Release|Win32.Build.0 = Release|Win32
		{6676A31A-3386-4DA6-B1E7-7323E6318E85}.Debug|Win32.ActiveCfg = Debug|Win32
		{6676A31A-3386-4DA6-B1E7-7323E6318E85}.Debug|Win32.Build.0 = Debug|Win32
		{6676A31A-3386-4DA6-B1E7-7323E6318E85}.HighDebug|Win32.ActiveCfg = Debug|Win32
		{6676A31A-3386-4DA6-B1E7-7323E6318E85}.HighDebug|Win32.Build.0 = Debug|Win32
		{6676A31A-3386-4DA6-B1E7-7323E6318E85}.Release|Win32.ActiveCfg = Release|Win32
		{6676A31A-3386-4DA6-B1E7-7323E6318E85}.Release|Win32.Build.0 = Release|Win32
	EndGlobalSection
	GlobalSection(SolutionProperties) = preSolution
		HideSolutionNode = FALSE
	EndGlobalSection
	GlobalSection(NestedProjects) = preSolution
		{60AA734A-980A-4265-B9C6-FF8FAC397ABA} = {BE262317-44B3-496E-9F14-1668FB1A3C1B}
		{B561ABD8-1B7D-4047-A259-4BA88BCCAF24} = {BE262317-44B3-496E-9F14-1668FB1A3C1B}
		{301C015B-BC31-43A8-9CFA-A432819CBA6A} = {BE262317-44B3-496E-9F14-1668FB1A3C1B}
		{C6888D2A-E9C1-4027-8267-99853469F08F} = {BE262317-44B3-496E-9F14-1668FB1A3C1B}
		{22A8A095-3409-4BC8-AFFE-0266AD4141E0} = {BE262317-44B3-496E-9F14-1668FB1A3C1B}
		{95281144-9E0F-435C-99D9-37D9F4AEE641} = {BE262317-44B3-496E-9F14-1668FB1A3C1B}
		{F91A2367-4129-4816-8A01-0D1461CE3350} = {BE262317-44B3-496E-9F14-1668FB1A3C1B}
		{6676A31A-3386-4DA6-B1E7-7323E6318E85} = {BE262317-44B3-496E-9F14-1668FB1A3C1B}
	EndGlobalSection
EndGlobal
