<?xml version="1.0" encoding="utf-8"?>
<Project ToolsVersion="4.0" xmlns="http://schemas.microsoft.com/developer/msbuild/2003">
  <ItemGroup>
    <Filter Include="资源文件">
      <UniqueIdentifier>{67DA6AB6-F800-4c08-8B7A-83BB121AAD01}</UniqueIdentifier>
      <Extensions>rc;ico;cur;bmp;dlg;rc2;rct;bin;rgs;gif;jpg;jpeg;jpe;resx;tiff;tif;png;wav;mfcribbon-ms</Extensions>
    </Filter>
  </ItemGroup>
  <ItemGroup>
    <Text Include="ReadMe.txt" />
    <Text Include="..\src\ReadMe.txt" />
  </ItemGroup>
  <ItemGroup>
    <ResourceCompile Include="InterExchangeSpread.rc">
      <Filter>资源文件</Filter>
    </ResourceCompile>
  </ItemGroup>
  <ItemGroup>
    <None Include="res\InterExchangeSpread.rc2">
      <Filter>资源文件</Filter>
    </None>
  </ItemGroup>
  <ItemGroup>
    <Image Include="res\InterExchangeSpread.ico">
      <Filter>资源文件</Filter>
    </Image>
  </ItemGroup>
  <ItemGroup>
    <ClInclude Include="Resource.h" />
    <ClInclude Include="targetver.h" />
    <ClInclude Include="..\src\InterExchangeSpread.h" />
    <ClInclude Include="..\src\InterExchangeSpreadDlg.h" />
    <ClInclude Include="..\src\stdafx.h" />
  </ItemGroup>
  <ItemGroup>
    <ClCompile Include="..\src\InterExchangeSpread.cpp" />
    <ClCompile Include="..\src\InterExchangeSpreadDlg.cpp" />
    <ClCompile Include="..\src\stdafx.cpp" />
  </ItemGroup>
</Project>