<?xml version="1.0" encoding="utf-8"?>
<Project ToolsVersion="4.0" xmlns="http://schemas.microsoft.com/developer/msbuild/2003">
  <ItemGroup>
    <Filter Include="资源文件">
      <UniqueIdentifier>{67DA6AB6-F800-4c08-8B7A-83BB121AAD01}</UniqueIdentifier>
      <Extensions>rc;ico;cur;bmp;dlg;rc2;rct;bin;rgs;gif;jpg;jpeg;jpe;resx;tiff;tif;png;wav;mfcribbon-ms</Extensions>
    </Filter>
    <Filter Include="mfc_window">
      <UniqueIdentifier>{2e4c5350-ebfe-4681-8f4d-4f492227fb21}</UniqueIdentifier>
    </Filter>
    <Filter Include="net">
      <UniqueIdentifier>{68688105-958d-4711-a7a0-1414885392d5}</UniqueIdentifier>
    </Filter>
    <Filter Include="logic">
      <UniqueIdentifier>{9a318bab-3e17-48b5-b069-db8729c7f997}</UniqueIdentifier>
    </Filter>
  </ItemGroup>
  <ItemGroup>
    <ClCompile Include="..\src\stdafx.cpp" />
    <ClCompile Include="..\src\mfc_window\CenterServer.cpp">
      <Filter>mfc_window</Filter>
    </ClCompile>
    <ClCompile Include="..\src\mfc_window\CenterServerDlg.cpp">
      <Filter>mfc_window</Filter>
    </ClCompile>
    <ClCompile Include="..\src\net\net_handle.cpp">
      <Filter>net</Filter>
    </ClCompile>
    <ClCompile Include="..\src\net\nmsg_server.cpp">
      <Filter>net</Filter>
    </ClCompile>
    <ClCompile Include="..\src\net\nmsg_server_iml.cpp">
      <Filter>net</Filter>
    </ClCompile>
    <ClCompile Include="..\src\net\client_factory.cpp">
      <Filter>net</Filter>
    </ClCompile>
    <ClCompile Include="..\src\logic\account_manager.cpp">
      <Filter>logic</Filter>
    </ClCompile>
  </ItemGroup>
  <ItemGroup>
    <ClInclude Include="Resource.h" />
    <ClInclude Include="targetver.h" />
    <ClInclude Include="..\src\stdafx.h" />
    <ClInclude Include="..\src\mfc_window\CenterServer.h">
      <Filter>mfc_window</Filter>
    </ClInclude>
    <ClInclude Include="..\src\mfc_window\CenterServerDlg.h">
      <Filter>mfc_window</Filter>
    </ClInclude>
    <ClInclude Include="..\src\net\net_handle.h">
      <Filter>net</Filter>
    </ClInclude>
    <ClInclude Include="..\src\net\nmsg_server.h">
      <Filter>net</Filter>
    </ClInclude>
    <ClInclude Include="..\src\net\nmsg_server_iml.h">
      <Filter>net</Filter>
    </ClInclude>
    <ClInclude Include="..\src\net\client_factory.h">
      <Filter>net</Filter>
    </ClInclude>
    <ClInclude Include="..\src\logic\account_manager.h">
      <Filter>logic</Filter>
    </ClInclude>
  </ItemGroup>
  <ItemGroup>
    <Image Include="res\CenterServer.ico">
      <Filter>资源文件</Filter>
    </Image>
  </ItemGroup>
  <ItemGroup>
    <ResourceCompile Include="CenterServer.rc">
      <Filter>资源文件</Filter>
    </ResourceCompile>
  </ItemGroup>
  <ItemGroup>
    <None Include="res\CenterServer.rc2">
      <Filter>资源文件</Filter>
    </None>
  </ItemGroup>
</Project>